
Microsoft Visual Studio Solution File, Format Version 12.00
# Visual Studio Version 17
VisualStudioVersion = 17.8.34316.72
MinimumVisualStudioVersion = 10.0.40219.1
Project("{9A19103F-16F7-4668-BE54-9A1E7A4F7556}") = "VFXPlus", "VFXPlus.csproj", "{A9457133-6A81-468C-8BAB-323611C73B12}"
EndProject
Global
	GlobalSection(SolutionConfigurationPlatforms) = preSolution
		Debug|Any CPU = Debug|Any CPU
		Release|Any CPU = Release|Any CPU
	EndGlobalSection
	GlobalSection(ProjectConfigurationPlatforms) = postSolution
		{A9457133-6A81-468C-8BAB-323611C73B12}.Debug|Any CPU.ActiveCfg = Debug|Any CPU
		{A9457133-6A81-468C-8BAB-323611C73B12}.Debug|Any CPU.Build.0 = Debug|Any CPU
		{A9457133-6A81-468C-8BAB-323611C73B12}.Release|Any CPU.ActiveCfg = Release|Any CPU
		{A9457133-6A81-468C-8BAB-323611C73B12}.Release|Any CPU.Build.0 = Release|Any CPU
	EndGlobalSection
	GlobalSection(SolutionProperties) = preSolution
		HideSolutionNode = FALSE
	EndGlobalSection
	GlobalSection(ExtensibilityGlobals) = postSolution
		SolutionGuid = {CEEB0D76-0256-48BF-8CF9-16B8447C459A}
	EndGlobalSection
EndGlobal
